{
  "name": "wazeBR-symfony",
  "lockfileVersion": 3,
  "requires": true,
  "packages": {
    "": {
      "dependencies": {
        "bootstrap-icons": "^1.13.1",
        "leaflet": "^1.9.4"
      }
    },
    "node_modules/bootstrap-icons": {
      "version": "1.13.1",
      "resolved": "https://registry.npmjs.org/bootstrap-icons/-/bootstrap-icons-1.13.1.tgz",
      "integrity": "sha512-ijombt4v6bv5CLeXvRWKy7CuM3TRTuPEuGaGKvTV5cz65rQSY8RQ2JcHt6b90cBBAC7s8fsf2EkQDldzCoXUjw==",
      "funding": [
        {
          "type": "github",
          "url": "https://github.com/sponsors/twbs"
        },
        {
          "type": "opencollective",
          "url": "https://opencollective.com/bootstrap"
        }
      ],
      "license": "MIT"
    },
    "node_modules/leaflet": {
      "version": "1.9.4",
      "resolved": "https://registry.npmjs.org/leaflet/-/leaflet-1.9.4.tgz",
      "integrity": "sha512-nxS1ynzJOmOlHp+iL3FyWqK89GtNL8U8rvlMOsQdTTssxZwCXh8N2NB3GDQOL+YR3XnWyZAxwQixURb+FA74PA==",
      "license": "BSD-2-Clause"
    }
  }
}
